// !$*UTF8*$!
{
	archiveVersion = 1;
	classes = {
	};
	objectVersion = 52;
	objects = {

/* Begin PBXBuildFile section */
		294AF733274947A7002B7D8B /* ProperyList.swift in Sources */ = {isa = PBXBuildFile; fileRef = 294AF732274947A6002B7D8B /* ProperyList.swift */; };
		294AF735274947B1002B7D8B /* PropertyItem.swift in Sources */ = {isa = PBXBuildFile; fileRef = 294AF734274947B0002B7D8B /* PropertyItem.swift */; };
		294AF744274A363A002B7D8B /* PropertyDetail.swift in Sources */ = {isa = PBXBuildFile; fileRef = 294AF743274A363A002B7D8B /* PropertyDetail.swift */; };
		294AF746274A364A002B7D8B /* PropertyDetailViewController.swift in Sources */ = {isa = PBXBuildFile; fileRef = 294AF745274A3649002B7D8B /* PropertyDetailViewController.swift */; };
		294AF747274A3733002B7D8B /* PropertyDetailViewModel.swift in Sources */ = {isa = PBXBuildFile; fileRef = 294AF73F2749931B002B7D8B /* PropertyDetailViewModel.swift */; };
		294AF748274A37EE002B7D8B /* PropertyDetailModule.swift in Sources */ = {isa = PBXBuildFile; fileRef = 294AF7392749926B002B7D8B /* PropertyDetailModule.swift */; };
		294AF749274A3800002B7D8B /* PropertyDetailModule+Injection.swift in Sources */ = {isa = PBXBuildFile; fileRef = 294AF73A2749926C002B7D8B /* PropertyDetailModule+Injection.swift */; };
		294AF74A274A3858002B7D8B /* PropertyDetailCoordinator.swift in Sources */ = {isa = PBXBuildFile; fileRef = 294AF73B2749926C002B7D8B /* PropertyDetailCoordinator.swift */; };
		294AF74B274A387E002B7D8B /* PropertyDetailViewData.swift in Sources */ = {isa = PBXBuildFile; fileRef = 294AF73C2749926C002B7D8B /* PropertyDetailViewData.swift */; };
		296EABBE274BCD6300E25B6D /* Resolver in Frameworks */ = {isa = PBXBuildFile; productRef = 296EABBD274BCD6300E25B6D /* Resolver */; };
		296EABCA274BE73200E25B6D /* AppTest.swift in Sources */ = {isa = PBXBuildFile; fileRef = 296EABC9274BE73200E25B6D /* AppTest.swift */; };
		296EABD1274BE90300E25B6D /* Resolver in Frameworks */ = {isa = PBXBuildFile; productRef = 296EABD0274BE90300E25B6D /* Resolver */; };
		296EABE0274D3AE500E25B6D /* Resolver+Test.swift in Sources */ = {isa = PBXBuildFile; fileRef = F496DE3B26D10AA10074F847 /* Resolver+Test.swift */; };
		29BEDBA3275F8610005335D7 /* NetworkLayer in Frameworks */ = {isa = PBXBuildFile; productRef = 29BEDBA2275F8610005335D7 /* NetworkLayer */; };
		29BEDBA5275F91D1005335D7 /* Core in Frameworks */ = {isa = PBXBuildFile; productRef = 29BEDBA4275F91D1005335D7 /* Core */; };
		29BEDBAB275FA7DF005335D7 /* Repository in Frameworks */ = {isa = PBXBuildFile; productRef = 29BEDBAA275FA7DF005335D7 /* Repository */; };
		F4BFE0FD26CE85F1002B6DFA /* AppDelegate.swift in Sources */ = {isa = PBXBuildFile; fileRef = F4BFE0FC26CE85F1002B6DFA /* AppDelegate.swift */; };
		F4BFE0FF26CE85F1002B6DFA /* SceneDelegate.swift in Sources */ = {isa = PBXBuildFile; fileRef = F4BFE0FE26CE85F1002B6DFA /* SceneDelegate.swift */; };
		F4BFE10626CE85F4002B6DFA /* Assets.xcassets in Resources */ = {isa = PBXBuildFile; fileRef = F4BFE10526CE85F4002B6DFA /* Assets.xcassets */; };
		F4BFE10926CE85F4002B6DFA /* LaunchScreen.storyboard in Resources */ = {isa = PBXBuildFile; fileRef = F4BFE10726CE85F4002B6DFA /* LaunchScreen.storyboard */; };
		F4BFE1C826CFD66F002B6DFA /* Coordinator.swift in Sources */ = {isa = PBXBuildFile; fileRef = F4BFE1C726CFD66F002B6DFA /* Coordinator.swift */; };
		F4BFE1CA26CFDA74002B6DFA /* Enviroment.swift in Sources */ = {isa = PBXBuildFile; fileRef = F4BFE1C926CFDA74002B6DFA /* Enviroment.swift */; };
		F4BFE1CE26CFDAE0002B6DFA /* HomeModule.swift in Sources */ = {isa = PBXBuildFile; fileRef = F4BFE1CD26CFDAE0002B6DFA /* HomeModule.swift */; };
		F4BFE1D026CFDC45002B6DFA /* HomeModule+Injection.swift in Sources */ = {isa = PBXBuildFile; fileRef = F4BFE1CF26CFDC45002B6DFA /* HomeModule+Injection.swift */; };
		F4BFE1D226CFDC8A002B6DFA /* HomeCoordinator.swift in Sources */ = {isa = PBXBuildFile; fileRef = F4BFE1D126CFDC8A002B6DFA /* HomeCoordinator.swift */; };
		F4BFE1D426CFE14E002B6DFA /* HomeViewData.swift in Sources */ = {isa = PBXBuildFile; fileRef = F4BFE1D326CFE14E002B6DFA /* HomeViewData.swift */; };
		F4BFE1D626CFE163002B6DFA /* ViewData.swift in Sources */ = {isa = PBXBuildFile; fileRef = F4BFE1D526CFE163002B6DFA /* ViewData.swift */; };
		F4BFE1DB26CFE3A6002B6DFA /* HomeViewController.swift in Sources */ = {isa = PBXBuildFile; fileRef = F4BFE1DA26CFE3A6002B6DFA /* HomeViewController.swift */; };
		F4BFE1DE26CFE3B5002B6DFA /* HomeViewModel.swift in Sources */ = {isa = PBXBuildFile; fileRef = F4BFE1DD26CFE3B5002B6DFA /* HomeViewModel.swift */; };
		F4BFE1E026CFE5B9002B6DFA /* FeatureModule.swift in Sources */ = {isa = PBXBuildFile; fileRef = F4BFE1DF26CFE5B9002B6DFA /* FeatureModule.swift */; };
		F4BFE1E326CFE99B002B6DFA /* Application+Injection.swift in Sources */ = {isa = PBXBuildFile; fileRef = F4BFE1E226CFE99B002B6DFA /* Application+Injection.swift */; };
		F4BFE1E526CFEAE9002B6DFA /* FeatureModule+Injection.swift in Sources */ = {isa = PBXBuildFile; fileRef = F4BFE1E426CFEAE9002B6DFA /* FeatureModule+Injection.swift */; };
		F4BFE1E826CFEE84002B6DFA /* AppCoordinator.swift in Sources */ = {isa = PBXBuildFile; fileRef = F4BFE1E726CFEE84002B6DFA /* AppCoordinator.swift */; };
		F4BFE1EA26D01D91002B6DFA /* Then.swift in Sources */ = {isa = PBXBuildFile; fileRef = F4BFE1E926D01D91002B6DFA /* Then.swift */; };
		F4BFE1EE26D024CC002B6DFA /* L10n.swift in Sources */ = {isa = PBXBuildFile; fileRef = F4BFE1ED26D024CC002B6DFA /* L10n.swift */; };
		F4BFE1F026D03CA5002B6DFA /* AppServices+Injection.swift in Sources */ = {isa = PBXBuildFile; fileRef = F4BFE1EF26D03CA5002B6DFA /* AppServices+Injection.swift */; };
/* End PBXBuildFile section */

/* Begin PBXContainerItemProxy section */
		296EABCB274BE73200E25B6D /* PBXContainerItemProxy */ = {
			isa = PBXContainerItemProxy;
			containerPortal = F4BFE0F126CE85F1002B6DFA /* Project object */;
			proxyType = 1;
			remoteGlobalIDString = F4BFE0F826CE85F1002B6DFA;
			remoteInfo = TrueTest;
		};
/* End PBXContainerItemProxy section */

/* Begin PBXCopyFilesBuildPhase section */
		294AF6E62748F325002B7D8B /* Embed Frameworks */ = {
			isa = PBXCopyFilesBuildPhase;
			buildActionMask = 2147483647;
			dstPath = "";
			dstSubfolderSpec = 10;
			files = (
			);
			name = "Embed Frameworks";
			runOnlyForDeploymentPostprocessing = 0;
		};
/* End PBXCopyFilesBuildPhase section */

/* Begin PBXFileReference section */
		294AF732274947A6002B7D8B /* ProperyList.swift */ = {isa = PBXFileReference; fileEncoding = 4; lastKnownFileType = sourcecode.swift; path = ProperyList.swift; sourceTree = "<group>"; };
		294AF734274947B0002B7D8B /* PropertyItem.swift */ = {isa = PBXFileReference; fileEncoding = 4; lastKnownFileType = sourcecode.swift; path = PropertyItem.swift; sourceTree = "<group>"; };
		294AF7392749926B002B7D8B /* PropertyDetailModule.swift */ = {isa = PBXFileReference; lastKnownFileType = sourcecode.swift; path = PropertyDetailModule.swift; sourceTree = "<group>"; };
		294AF73A2749926C002B7D8B /* PropertyDetailModule+Injection.swift */ = {isa = PBXFileReference; lastKnownFileType = sourcecode.swift; path = "PropertyDetailModule+Injection.swift"; sourceTree = "<group>"; };
		294AF73B2749926C002B7D8B /* PropertyDetailCoordinator.swift */ = {isa = PBXFileReference; lastKnownFileType = sourcecode.swift; path = PropertyDetailCoordinator.swift; sourceTree = "<group>"; };
		294AF73C2749926C002B7D8B /* PropertyDetailViewData.swift */ = {isa = PBXFileReference; lastKnownFileType = sourcecode.swift; path = PropertyDetailViewData.swift; sourceTree = "<group>"; };
		294AF73F2749931B002B7D8B /* PropertyDetailViewModel.swift */ = {isa = PBXFileReference; lastKnownFileType = sourcecode.swift; path = PropertyDetailViewModel.swift; sourceTree = "<group>"; };
		294AF743274A363A002B7D8B /* PropertyDetail.swift */ = {isa = PBXFileReference; fileEncoding = 4; lastKnownFileType = sourcecode.swift; path = PropertyDetail.swift; sourceTree = "<group>"; };
		294AF745274A3649002B7D8B /* PropertyDetailViewController.swift */ = {isa = PBXFileReference; lastKnownFileType = sourcecode.swift; path = PropertyDetailViewController.swift; sourceTree = "<group>"; };
		296EABC7274BE73200E25B6D /* AppTest.xctest */ = {isa = PBXFileReference; explicitFileType = wrapper.cfbundle; includeInIndex = 0; path = AppTest.xctest; sourceTree = BUILT_PRODUCTS_DIR; };
		296EABC9274BE73200E25B6D /* AppTest.swift */ = {isa = PBXFileReference; lastKnownFileType = sourcecode.swift; path = AppTest.swift; sourceTree = "<group>"; };
		F496DE3B26D10AA10074F847 /* Resolver+Test.swift */ = {isa = PBXFileReference; lastKnownFileType = sourcecode.swift; path = "Resolver+Test.swift"; sourceTree = "<group>"; };
		F4BFE0F926CE85F1002B6DFA /* TrueTest.app */ = {isa = PBXFileReference; explicitFileType = wrapper.application; includeInIndex = 0; path = TrueTest.app; sourceTree = BUILT_PRODUCTS_DIR; };
		F4BFE0FC26CE85F1002B6DFA /* AppDelegate.swift */ = {isa = PBXFileReference; lastKnownFileType = sourcecode.swift; path = AppDelegate.swift; sourceTree = "<group>"; };
		F4BFE0FE26CE85F1002B6DFA /* SceneDelegate.swift */ = {isa = PBXFileReference; lastKnownFileType = sourcecode.swift; path = SceneDelegate.swift; sourceTree = "<group>"; };
		F4BFE10526CE85F4002B6DFA /* Assets.xcassets */ = {isa = PBXFileReference; lastKnownFileType = folder.assetcatalog; path = Assets.xcassets; sourceTree = "<group>"; };
		F4BFE10826CE85F4002B6DFA /* Base */ = {isa = PBXFileReference; lastKnownFileType = file.storyboard; name = Base; path = Base.lproj/LaunchScreen.storyboard; sourceTree = "<group>"; };
		F4BFE10A26CE85F4002B6DFA /* Info.plist */ = {isa = PBXFileReference; lastKnownFileType = text.plist.xml; path = Info.plist; sourceTree = "<group>"; };
		F4BFE1C726CFD66F002B6DFA /* Coordinator.swift */ = {isa = PBXFileReference; lastKnownFileType = sourcecode.swift; path = Coordinator.swift; sourceTree = "<group>"; };
		F4BFE1C926CFDA74002B6DFA /* Enviroment.swift */ = {isa = PBXFileReference; lastKnownFileType = sourcecode.swift; path = Enviroment.swift; sourceTree = "<group>"; };
		F4BFE1CD26CFDAE0002B6DFA /* HomeModule.swift */ = {isa = PBXFileReference; lastKnownFileType = sourcecode.swift; path = HomeModule.swift; sourceTree = "<group>"; };
		F4BFE1CF26CFDC45002B6DFA /* HomeModule+Injection.swift */ = {isa = PBXFileReference; lastKnownFileType = sourcecode.swift; path = "HomeModule+Injection.swift"; sourceTree = "<group>"; };
		F4BFE1D126CFDC8A002B6DFA /* HomeCoordinator.swift */ = {isa = PBXFileReference; lastKnownFileType = sourcecode.swift; path = HomeCoordinator.swift; sourceTree = "<group>"; };
		F4BFE1D326CFE14E002B6DFA /* HomeViewData.swift */ = {isa = PBXFileReference; lastKnownFileType = sourcecode.swift; path = HomeViewData.swift; sourceTree = "<group>"; };
		F4BFE1D526CFE163002B6DFA /* ViewData.swift */ = {isa = PBXFileReference; lastKnownFileType = sourcecode.swift; path = ViewData.swift; sourceTree = "<group>"; };
		F4BFE1DA26CFE3A6002B6DFA /* HomeViewController.swift */ = {isa = PBXFileReference; lastKnownFileType = sourcecode.swift; path = HomeViewController.swift; sourceTree = "<group>"; };
		F4BFE1DD26CFE3B5002B6DFA /* HomeViewModel.swift */ = {isa = PBXFileReference; lastKnownFileType = sourcecode.swift; path = HomeViewModel.swift; sourceTree = "<group>"; };
		F4BFE1DF26CFE5B9002B6DFA /* FeatureModule.swift */ = {isa = PBXFileReference; lastKnownFileType = sourcecode.swift; path = FeatureModule.swift; sourceTree = "<group>"; };
		F4BFE1E226CFE99B002B6DFA /* Application+Injection.swift */ = {isa = PBXFileReference; lastKnownFileType = sourcecode.swift; path = "Application+Injection.swift"; sourceTree = "<group>"; };
		F4BFE1E426CFEAE9002B6DFA /* FeatureModule+Injection.swift */ = {isa = PBXFileReference; lastKnownFileType = sourcecode.swift; path = "FeatureModule+Injection.swift"; sourceTree = "<group>"; };
		F4BFE1E726CFEE84002B6DFA /* AppCoordinator.swift */ = {isa = PBXFileReference; lastKnownFileType = sourcecode.swift; path = AppCoordinator.swift; sourceTree = "<group>"; };
		F4BFE1E926D01D91002B6DFA /* Then.swift */ = {isa = PBXFileReference; lastKnownFileType = sourcecode.swift; path = Then.swift; sourceTree = "<group>"; };
		F4BFE1ED26D024CC002B6DFA /* L10n.swift */ = {isa = PBXFileReference; lastKnownFileType = sourcecode.swift; path = L10n.swift; sourceTree = "<group>"; };
		F4BFE1EF26D03CA5002B6DFA /* AppServices+Injection.swift */ = {isa = PBXFileReference; lastKnownFileType = sourcecode.swift; path = "AppServices+Injection.swift"; sourceTree = "<group>"; };
/* End PBXFileReference section */

/* Begin PBXFrameworksBuildPhase section */
		296EABC4274BE73200E25B6D /* Frameworks */ = {
			isa = PBXFrameworksBuildPhase;
			buildActionMask = 2147483647;
			files = (
				296EABD1274BE90300E25B6D /* Resolver in Frameworks */,
			);
			runOnlyForDeploymentPostprocessing = 0;
		};
		F4BFE0F626CE85F1002B6DFA /* Frameworks */ = {
			isa = PBXFrameworksBuildPhase;
			buildActionMask = 2147483647;
			files = (
				29BEDBA5275F91D1005335D7 /* Core in Frameworks */,
				296EABBE274BCD6300E25B6D /* Resolver in Frameworks */,
				29BEDBAB275FA7DF005335D7 /* Repository in Frameworks */,
				29BEDBA3275F8610005335D7 /* NetworkLayer in Frameworks */,
			);
			runOnlyForDeploymentPostprocessing = 0;
		};
/* End PBXFrameworksBuildPhase section */

/* Begin PBXGroup section */
		294AF7382749925B002B7D8B /* PropertyDetailModule */ = {
			isa = PBXGroup;
			children = (
				294AF73E27499314002B7D8B /* View */,
				294AF73D2749930F002B7D8B /* ViewModel */,
				294AF7392749926B002B7D8B /* PropertyDetailModule.swift */,
				294AF73A2749926C002B7D8B /* PropertyDetailModule+Injection.swift */,
				294AF73B2749926C002B7D8B /* PropertyDetailCoordinator.swift */,
				294AF73C2749926C002B7D8B /* PropertyDetailViewData.swift */,
			);
			path = PropertyDetailModule;
			sourceTree = "<group>";
		};
		294AF73D2749930F002B7D8B /* ViewModel */ = {
			isa = PBXGroup;
			children = (
				294AF73F2749931B002B7D8B /* PropertyDetailViewModel.swift */,
			);
			path = ViewModel;
			sourceTree = "<group>";
		};
		294AF73E27499314002B7D8B /* View */ = {
			isa = PBXGroup;
			children = (
				294AF743274A363A002B7D8B /* PropertyDetail.swift */,
				294AF745274A3649002B7D8B /* PropertyDetailViewController.swift */,
			);
			path = View;
			sourceTree = "<group>";
		};
		296EABC8274BE73200E25B6D /* AppTest */ = {
			isa = PBXGroup;
			children = (
				F496DE3B26D10AA10074F847 /* Resolver+Test.swift */,
				296EABC9274BE73200E25B6D /* AppTest.swift */,
			);
			path = AppTest;
			sourceTree = "<group>";
		};
		F4BFE0F026CE85F1002B6DFA = {
			isa = PBXGroup;
			children = (
				F4BFE0FB26CE85F1002B6DFA /* TrueTest */,
				296EABC8274BE73200E25B6D /* AppTest */,
				F4BFE0FA26CE85F1002B6DFA /* Products */,
				F4BFE15726CEBF58002B6DFA /* Frameworks */,
			);
			sourceTree = "<group>";
		};
		F4BFE0FA26CE85F1002B6DFA /* Products */ = {
			isa = PBXGroup;
			children = (
				F4BFE0F926CE85F1002B6DFA /* TrueTest.app */,
				296EABC7274BE73200E25B6D /* AppTest.xctest */,
			);
			name = Products;
			sourceTree = "<group>";
		};
		F4BFE0FB26CE85F1002B6DFA /* TrueTest */ = {
			isa = PBXGroup;
			children = (
				F4BFE1E626CFECB9002B6DFA /* Application */,
				F4BFE1E126CFE96A002B6DFA /* Dependencies */,
				F4BFE1CB26CFDAC3002B6DFA /* Modules */,
				F4BFE1C626CFD65F002B6DFA /* Common */,
				F4BFE10526CE85F4002B6DFA /* Assets.xcassets */,
				F4BFE10726CE85F4002B6DFA /* LaunchScreen.storyboard */,
				F4BFE10A26CE85F4002B6DFA /* Info.plist */,
			);
			path = TrueTest;
			sourceTree = "<group>";
		};
		F4BFE15726CEBF58002B6DFA /* Frameworks */ = {
			isa = PBXGroup;
			children = (
			);
			name = Frameworks;
			sourceTree = "<group>";
		};
		F4BFE1C626CFD65F002B6DFA /* Common */ = {
			isa = PBXGroup;
			children = (
				F4BFE1C726CFD66F002B6DFA /* Coordinator.swift */,
				F4BFE1C926CFDA74002B6DFA /* Enviroment.swift */,
				F4BFE1D526CFE163002B6DFA /* ViewData.swift */,
				F4BFE1DF26CFE5B9002B6DFA /* FeatureModule.swift */,
				F4BFE1E926D01D91002B6DFA /* Then.swift */,
				F4BFE1ED26D024CC002B6DFA /* L10n.swift */,
			);
			path = Common;
			sourceTree = "<group>";
		};
		F4BFE1CB26CFDAC3002B6DFA /* Modules */ = {
			isa = PBXGroup;
			children = (
				294AF7382749925B002B7D8B /* PropertyDetailModule */,
				F4BFE1CC26CFDACE002B6DFA /* HomeModule */,
			);
			path = Modules;
			sourceTree = "<group>";
		};
		F4BFE1CC26CFDACE002B6DFA /* HomeModule */ = {
			isa = PBXGroup;
			children = (
				F4BFE1DC26CFE3AB002B6DFA /* ViewModel */,
				F4BFE1D926CFE39B002B6DFA /* View */,
				F4BFE1CD26CFDAE0002B6DFA /* HomeModule.swift */,
				F4BFE1CF26CFDC45002B6DFA /* HomeModule+Injection.swift */,
				F4BFE1D126CFDC8A002B6DFA /* HomeCoordinator.swift */,
				F4BFE1D326CFE14E002B6DFA /* HomeViewData.swift */,
			);
			path = HomeModule;
			sourceTree = "<group>";
		};
		F4BFE1D926CFE39B002B6DFA /* View */ = {
			isa = PBXGroup;
			children = (
				F4BFE1DA26CFE3A6002B6DFA /* HomeViewController.swift */,
				294AF732274947A6002B7D8B /* ProperyList.swift */,
				294AF734274947B0002B7D8B /* PropertyItem.swift */,
			);
			path = View;
			sourceTree = "<group>";
		};
		F4BFE1DC26CFE3AB002B6DFA /* ViewModel */ = {
			isa = PBXGroup;
			children = (
				F4BFE1DD26CFE3B5002B6DFA /* HomeViewModel.swift */,
			);
			path = ViewModel;
			sourceTree = "<group>";
		};
		F4BFE1E126CFE96A002B6DFA /* Dependencies */ = {
			isa = PBXGroup;
			children = (
				F4BFE1E226CFE99B002B6DFA /* Application+Injection.swift */,
				F4BFE1E426CFEAE9002B6DFA /* FeatureModule+Injection.swift */,
				F4BFE1EF26D03CA5002B6DFA /* AppServices+Injection.swift */,
			);
			path = Dependencies;
			sourceTree = "<group>";
		};
		F4BFE1E626CFECB9002B6DFA /* Application */ = {
			isa = PBXGroup;
			children = (
				F4BFE0FC26CE85F1002B6DFA /* AppDelegate.swift */,
				F4BFE0FE26CE85F1002B6DFA /* SceneDelegate.swift */,
				F4BFE1E726CFEE84002B6DFA /* AppCoordinator.swift */,
			);
			path = Application;
			sourceTree = "<group>";
		};
/* End PBXGroup section */

/* Begin PBXNativeTarget section */
		296EABC6274BE73200E25B6D /* AppTest */ = {
			isa = PBXNativeTarget;
			buildConfigurationList = 296EABCD274BE73200E25B6D /* Build configuration list for PBXNativeTarget "AppTest" */;
			buildPhases = (
				296EABC3274BE73200E25B6D /* Sources */,
				296EABC4274BE73200E25B6D /* Frameworks */,
				296EABC5274BE73200E25B6D /* Resources */,
			);
			buildRules = (
			);
			dependencies = (
				296EABCC274BE73200E25B6D /* PBXTargetDependency */,
			);
			name = AppTest;
			packageProductDependencies = (
				296EABD0274BE90300E25B6D /* Resolver */,
			);
			productName = AppTest;
			productReference = 296EABC7274BE73200E25B6D /* AppTest.xctest */;
			productType = "com.apple.product-type.bundle.unit-test";
		};
		F4BFE0F826CE85F1002B6DFA /* TrueTest */ = {
			isa = PBXNativeTarget;
			buildConfigurationList = F4BFE10D26CE85F4002B6DFA /* Build configuration list for PBXNativeTarget "TrueTest" */;
			buildPhases = (
				F4BFE0F526CE85F1002B6DFA /* Sources */,
				F4BFE0F626CE85F1002B6DFA /* Frameworks */,
				F4BFE0F726CE85F1002B6DFA /* Resources */,
				294AF6E62748F325002B7D8B /* Embed Frameworks */,
			);
			buildRules = (
			);
			dependencies = (
			);
			name = TrueTest;
			packageProductDependencies = (
				296EABBD274BCD6300E25B6D /* Resolver */,
				29BEDBA2275F8610005335D7 /* NetworkLayer */,
				29BEDBA4275F91D1005335D7 /* Core */,
				29BEDBAA275FA7DF005335D7 /* Repository */,
			);
			productName = TrueTest;
			productReference = F4BFE0F926CE85F1002B6DFA /* TrueTest.app */;
			productType = "com.apple.product-type.application";
		};
/* End PBXNativeTarget section */

/* Begin PBXProject section */
		F4BFE0F126CE85F1002B6DFA /* Project object */ = {
			isa = PBXProject;
			attributes = {
				LastSwiftUpdateCheck = 1310;
				LastUpgradeCheck = 1250;
				TargetAttributes = {
					296EABC6274BE73200E25B6D = {
						CreatedOnToolsVersion = 13.1;
						TestTargetID = F4BFE0F826CE85F1002B6DFA;
					};
					F4BFE0F826CE85F1002B6DFA = {
						CreatedOnToolsVersion = 12.5.1;
					};
				};
			};
			buildConfigurationList = F4BFE0F426CE85F1002B6DFA /* Build configuration list for PBXProject "TrueTest" */;
			compatibilityVersion = "Xcode 9.3";
			developmentRegion = en;
			hasScannedForEncodings = 0;
			knownRegions = (
				en,
				Base,
			);
			mainGroup = F4BFE0F026CE85F1002B6DFA;
			packageReferences = (
				296EABBC274BCD6300E25B6D /* XCRemoteSwiftPackageReference "Resolver" */,
			);
			productRefGroup = F4BFE0FA26CE85F1002B6DFA /* Products */;
			projectDirPath = "";
			projectRoot = "";
			targets = (
				F4BFE0F826CE85F1002B6DFA /* TrueTest */,
				296EABC6274BE73200E25B6D /* AppTest */,
			);
		};
/* End PBXProject section */

/* Begin PBXResourcesBuildPhase section */
		296EABC5274BE73200E25B6D /* Resources */ = {
			isa = PBXResourcesBuildPhase;
			buildActionMask = 2147483647;
			files = (
			);
			runOnlyForDeploymentPostprocessing = 0;
		};
		F4BFE0F726CE85F1002B6DFA /* Resources */ = {
			isa = PBXResourcesBuildPhase;
			buildActionMask = 2147483647;
			files = (
				F4BFE10926CE85F4002B6DFA /* LaunchScreen.storyboard in Resources */,
				F4BFE10626CE85F4002B6DFA /* Assets.xcassets in Resources */,
			);
			runOnlyForDeploymentPostprocessing = 0;
		};
/* End PBXResourcesBuildPhase section */

/* Begin PBXSourcesBuildPhase section */
		296EABC3274BE73200E25B6D /* Sources */ = {
			isa = PBXSourcesBuildPhase;
			buildActionMask = 2147483647;
			files = (
				296EABCA274BE73200E25B6D /* AppTest.swift in Sources */,
				296EABE0274D3AE500E25B6D /* Resolver+Test.swift in Sources */,
			);
			runOnlyForDeploymentPostprocessing = 0;
		};
		F4BFE0F526CE85F1002B6DFA /* Sources */ = {
			isa = PBXSourcesBuildPhase;
			buildActionMask = 2147483647;
			files = (
				294AF74B274A387E002B7D8B /* PropertyDetailViewData.swift in Sources */,
				F4BFE1CE26CFDAE0002B6DFA /* HomeModule.swift in Sources */,
				F4BFE1C826CFD66F002B6DFA /* Coordinator.swift in Sources */,
				294AF74A274A3858002B7D8B /* PropertyDetailCoordinator.swift in Sources */,
				F4BFE1EE26D024CC002B6DFA /* L10n.swift in Sources */,
				F4BFE1D426CFE14E002B6DFA /* HomeViewData.swift in Sources */,
				294AF747274A3733002B7D8B /* PropertyDetailViewModel.swift in Sources */,
				F4BFE1D626CFE163002B6DFA /* ViewData.swift in Sources */,
				F4BFE1EA26D01D91002B6DFA /* Then.swift in Sources */,
				F4BFE1D026CFDC45002B6DFA /* HomeModule+Injection.swift in Sources */,
				F4BFE1E326CFE99B002B6DFA /* Application+Injection.swift in Sources */,
				F4BFE1CA26CFDA74002B6DFA /* Enviroment.swift in Sources */,
				F4BFE1DE26CFE3B5002B6DFA /* HomeViewModel.swift in Sources */,
				294AF746274A364A002B7D8B /* PropertyDetailViewController.swift in Sources */,
				F4BFE1F026D03CA5002B6DFA /* AppServices+Injection.swift in Sources */,
				F4BFE1D226CFDC8A002B6DFA /* HomeCoordinator.swift in Sources */,
				F4BFE1E026CFE5B9002B6DFA /* FeatureModule.swift in Sources */,
				F4BFE0FD26CE85F1002B6DFA /* AppDelegate.swift in Sources */,
				294AF748274A37EE002B7D8B /* PropertyDetailModule.swift in Sources */,
				294AF744274A363A002B7D8B /* PropertyDetail.swift in Sources */,
				F4BFE1E526CFEAE9002B6DFA /* FeatureModule+Injection.swift in Sources */,
				F4BFE1E826CFEE84002B6DFA /* AppCoordinator.swift in Sources */,
				294AF733274947A7002B7D8B /* ProperyList.swift in Sources */,
				F4BFE0FF26CE85F1002B6DFA /* SceneDelegate.swift in Sources */,
				294AF749274A3800002B7D8B /* PropertyDetailModule+Injection.swift in Sources */,
				294AF735274947B1002B7D8B /* PropertyItem.swift in Sources */,
				F4BFE1DB26CFE3A6002B6DFA /* HomeViewController.swift in Sources */,
			);
			runOnlyForDeploymentPostprocessing = 0;
		};
/* End PBXSourcesBuildPhase section */

/* Begin PBXTargetDependency section */
		296EABCC274BE73200E25B6D /* PBXTargetDependency */ = {
			isa = PBXTargetDependency;
			target = F4BFE0F826CE85F1002B6DFA /* TrueTest */;
			targetProxy = 296EABCB274BE73200E25B6D /* PBXContainerItemProxy */;
		};
/* End PBXTargetDependency section */

/* Begin PBXVariantGroup section */
		F4BFE10726CE85F4002B6DFA /* LaunchScreen.storyboard */ = {
			isa = PBXVariantGroup;
			children = (
				F4BFE10826CE85F4002B6DFA /* Base */,
			);
			name = LaunchScreen.storyboard;
			sourceTree = "<group>";
		};
/* End PBXVariantGroup section */

/* Begin XCBuildConfiguration section */
		296EABCE274BE73200E25B6D /* Debug */ = {
			isa = XCBuildConfiguration;
			buildSettings = {
				BUNDLE_LOADER = "$(TEST_HOST)";
				CLANG_CXX_LANGUAGE_STANDARD = "gnu++17";
				CODE_SIGN_STYLE = Automatic;
				CURRENT_PROJECT_VERSION = 1;
				DEVELOPMENT_TEAM = BUZXKJMFX3;
				GENERATE_INFOPLIST_FILE = YES;
				IPHONEOS_DEPLOYMENT_TARGET = 15.0;
				LD_RUNPATH_SEARCH_PATHS = (
					"$(inherited)",
					"@executable_path/Frameworks",
					"@loader_path/Frameworks",
				);
				MARKETING_VERSION = 1.0;
				PRODUCT_BUNDLE_IDENTIFIER = com.test.true.AppTest;
				PRODUCT_NAME = "$(TARGET_NAME)";
				SWIFT_EMIT_LOC_STRINGS = NO;
				SWIFT_VERSION = 5.0;
				TARGETED_DEVICE_FAMILY = "1,2";
				TEST_HOST = "$(BUILT_PRODUCTS_DIR)/TrueTest.app/TrueTest";
			};
			name = Debug;
		};
		296EABCF274BE73200E25B6D /* Release */ = {
			isa = XCBuildConfiguration;
			buildSettings = {
				BUNDLE_LOADER = "$(TEST_HOST)";
				CLANG_CXX_LANGUAGE_STANDARD = "gnu++17";
				CODE_SIGN_STYLE = Automatic;
				CURRENT_PROJECT_VERSION = 1;
				DEVELOPMENT_TEAM = BUZXKJMFX3;
				GENERATE_INFOPLIST_FILE = YES;
				IPHONEOS_DEPLOYMENT_TARGET = 15.0;
				LD_RUNPATH_SEARCH_PATHS = (
					"$(inherited)",
					"@executable_path/Frameworks",
					"@loader_path/Frameworks",
				);
				MARKETING_VERSION = 1.0;
				PRODUCT_BUNDLE_IDENTIFIER = com.test.true.AppTest;
				PRODUCT_NAME = "$(TARGET_NAME)";
				SWIFT_EMIT_LOC_STRINGS = NO;
				SWIFT_VERSION = 5.0;
				TARGETED_DEVICE_FAMILY = "1,2";
				TEST_HOST = "$(BUILT_PRODUCTS_DIR)/TrueTest.app/TrueTest";
			};
			name = Release;
		};
		296EABD5274D1DD200E25B6D /* Mock */ = {
			isa = XCBuildConfiguration;
			buildSettings = {
				ALWAYS_SEARCH_USER_PATHS = NO;
				CLANG_ANALYZER_NONNULL = YES;
				CLANG_ANALYZER_NUMBER_OBJECT_CONVERSION = YES_AGGRESSIVE;
				CLANG_CXX_LANGUAGE_STANDARD = "gnu++14";
				CLANG_CXX_LIBRARY = "libc++";
				CLANG_ENABLE_MODULES = YES;
				CLANG_ENABLE_OBJC_ARC = YES;
				CLANG_ENABLE_OBJC_WEAK = YES;
				CLANG_WARN_BLOCK_CAPTURE_AUTORELEASING = YES;
				CLANG_WARN_BOOL_CONVERSION = YES;
				CLANG_WARN_COMMA = YES;
				CLANG_WARN_CONSTANT_CONVERSION = YES;
				CLANG_WARN_DEPRECATED_OBJC_IMPLEMENTATIONS = YES;
				CLANG_WARN_DIRECT_OBJC_ISA_USAGE = YES_ERROR;
				CLANG_WARN_DOCUMENTATION_COMMENTS = YES;
				CLANG_WARN_EMPTY_BODY = YES;
				CLANG_WARN_ENUM_CONVERSION = YES;
				CLANG_WARN_INFINITE_RECURSION = YES;
				CLANG_WARN_INT_CONVERSION = YES;
				CLANG_WARN_NON_LITERAL_NULL_CONVERSION = YES;
				CLANG_WARN_OBJC_IMPLICIT_RETAIN_SELF = YES;
				CLANG_WARN_OBJC_LITERAL_CONVERSION = YES;
				CLANG_WARN_OBJC_ROOT_CLASS = YES_ERROR;
				CLANG_WARN_QUOTED_INCLUDE_IN_FRAMEWORK_HEADER = YES;
				CLANG_WARN_RANGE_LOOP_ANALYSIS = YES;
				CLANG_WARN_STRICT_PROTOTYPES = YES;
				CLANG_WARN_SUSPICIOUS_MOVE = YES;
				CLANG_WARN_UNGUARDED_AVAILABILITY = YES_AGGRESSIVE;
				CLANG_WARN_UNREACHABLE_CODE = YES;
				CLANG_WARN__DUPLICATE_METHOD_MATCH = YES;
				COPY_PHASE_STRIP = NO;
				DEBUG_INFORMATION_FORMAT = dwarf;
				ENABLE_STRICT_OBJC_MSGSEND = YES;
				ENABLE_TESTABILITY = YES;
				GCC_C_LANGUAGE_STANDARD = gnu11;
				GCC_DYNAMIC_NO_PIC = NO;
				GCC_NO_COMMON_BLOCKS = YES;
				GCC_OPTIMIZATION_LEVEL = 0;
				GCC_PREPROCESSOR_DEFINITIONS = (
					"DEBUG=1",
					"$(inherited)",
				);
				GCC_WARN_64_TO_32_BIT_CONVERSION = YES;
				GCC_WARN_ABOUT_RETURN_TYPE = YES_ERROR;
				GCC_WARN_UNDECLARED_SELECTOR = YES;
				GCC_WARN_UNINITIALIZED_AUTOS = YES_AGGRESSIVE;
				GCC_WARN_UNUSED_FUNCTION = YES;
				GCC_WARN_UNUSED_VARIABLE = YES;
				IPHONEOS_DEPLOYMENT_TARGET = 14.5;
				MTL_ENABLE_DEBUG_INFO = INCLUDE_SOURCE;
				MTL_FAST_MATH = YES;
				ONLY_ACTIVE_ARCH = YES;
				SDKROOT = iphoneos;
				SWIFT_ACTIVE_COMPILATION_CONDITIONS = DEBUG;
				SWIFT_OPTIMIZATION_LEVEL = "-Onone";
			};
			name = Mock;
		};
		296EABD6274D1DD200E25B6D /* Mock */ = {
			isa = XCBuildConfiguration;
			buildSettings = {
				ALWAYS_EMBED_SWIFT_STANDARD_LIBRARIES = YES;
				ASSETCATALOG_COMPILER_APPICON_NAME = AppIcon;
				ASSETCATALOG_COMPILER_GLOBAL_ACCENT_COLOR_NAME = AccentColor;
				CODE_SIGN_STYLE = Automatic;
				DEVELOPMENT_TEAM = BUZXKJMFX3;
				ENABLE_TESTING_SEARCH_PATHS = NO;
				INFOPLIST_FILE = TrueTest/Info.plist;
				IPHONEOS_DEPLOYMENT_TARGET = 15.0;
				LD_RUNPATH_SEARCH_PATHS = (
					"$(inherited)",
					"@executable_path/Frameworks",
				);
				"OTHER_SWIFT_FLAGS[arch=*]" = "-DMOCK";
				PRODUCT_BUNDLE_IDENTIFIER = com.assignment.TrueTest;
				PRODUCT_NAME = "$(TARGET_NAME)";
				SWIFT_VERSION = 5.0;
				TARGETED_DEVICE_FAMILY = "1,2";
			};
			name = Mock;
		};
		296EABDE274D1DD200E25B6D /* Mock */ = {
			isa = XCBuildConfiguration;
			buildSettings = {
				BUNDLE_LOADER = "$(TEST_HOST)";
				CLANG_CXX_LANGUAGE_STANDARD = "gnu++17";
				CODE_SIGN_STYLE = Automatic;
				CURRENT_PROJECT_VERSION = 1;
				DEVELOPMENT_TEAM = BUZXKJMFX3;
				GENERATE_INFOPLIST_FILE = YES;
				IPHONEOS_DEPLOYMENT_TARGET = 15.0;
				LD_RUNPATH_SEARCH_PATHS = (
					"$(inherited)",
					"@executable_path/Frameworks",
					"@loader_path/Frameworks",
				);
				MARKETING_VERSION = 1.0;
				PRODUCT_BUNDLE_IDENTIFIER = com.test.true.AppTest;
				PRODUCT_NAME = "$(TARGET_NAME)";
				SWIFT_EMIT_LOC_STRINGS = NO;
				SWIFT_VERSION = 5.0;
				TARGETED_DEVICE_FAMILY = "1,2";
				TEST_HOST = "$(BUILT_PRODUCTS_DIR)/TrueTest.app/TrueTest";
			};
			name = Mock;
		};
		F4BFE10B26CE85F4002B6DFA /* Debug */ = {
			isa = XCBuildConfiguration;
			buildSettings = {
				ALWAYS_SEARCH_USER_PATHS = NO;
				CLANG_ANALYZER_NONNULL = YES;
				CLANG_ANALYZER_NUMBER_OBJECT_CONVERSION = YES_AGGRESSIVE;
				CLANG_CXX_LANGUAGE_STANDARD = "gnu++14";
				CLANG_CXX_LIBRARY = "libc++";
				CLANG_ENABLE_MODULES = YES;
				CLANG_ENABLE_OBJC_ARC = YES;
				CLANG_ENABLE_OBJC_WEAK = YES;
				CLANG_WARN_BLOCK_CAPTURE_AUTORELEASING = YES;
				CLANG_WARN_BOOL_CONVERSION = YES;
				CLANG_WARN_COMMA = YES;
				CLANG_WARN_CONSTANT_CONVERSION = YES;
				CLANG_WARN_DEPRECATED_OBJC_IMPLEMENTATIONS = YES;
				CLANG_WARN_DIRECT_OBJC_ISA_USAGE = YES_ERROR;
				CLANG_WARN_DOCUMENTATION_COMMENTS = YES;
				CLANG_WARN_EMPTY_BODY = YES;
				CLANG_WARN_ENUM_CONVERSION = YES;
				CLANG_WARN_INFINITE_RECURSION = YES;
				CLANG_WARN_INT_CONVERSION = YES;
				CLANG_WARN_NON_LITERAL_NULL_CONVERSION = YES;
				CLANG_WARN_OBJC_IMPLICIT_RETAIN_SELF = YES;
				CLANG_WARN_OBJC_LITERAL_CONVERSION = YES;
				CLANG_WARN_OBJC_ROOT_CLASS = YES_ERROR;
				CLANG_WARN_QUOTED_INCLUDE_IN_FRAMEWORK_HEADER = YES;
				CLANG_WARN_RANGE_LOOP_ANALYSIS = YES;
				CLANG_WARN_STRICT_PROTOTYPES = YES;
				CLANG_WARN_SUSPICIOUS_MOVE = YES;
				CLANG_WARN_UNGUARDED_AVAILABILITY = YES_AGGRESSIVE;
				CLANG_WARN_UNREACHABLE_CODE = YES;
				CLANG_WARN__DUPLICATE_METHOD_MATCH = YES;
				COPY_PHASE_STRIP = NO;
				DEBUG_INFORMATION_FORMAT = dwarf;
				ENABLE_STRICT_OBJC_MSGSEND = YES;
				ENABLE_TESTABILITY = YES;
				GCC_C_LANGUAGE_STANDARD = gnu11;
				GCC_DYNAMIC_NO_PIC = NO;
				GCC_NO_COMMON_BLOCKS = YES;
				GCC_OPTIMIZATION_LEVEL = 0;
				GCC_PREPROCESSOR_DEFINITIONS = (
					"DEBUG=1",
					"$(inherited)",
				);
				GCC_WARN_64_TO_32_BIT_CONVERSION = YES;
				GCC_WARN_ABOUT_RETURN_TYPE = YES_ERROR;
				GCC_WARN_UNDECLARED_SELECTOR = YES;
				GCC_WARN_UNINITIALIZED_AUTOS = YES_AGGRESSIVE;
				GCC_WARN_UNUSED_FUNCTION = YES;
				GCC_WARN_UNUSED_VARIABLE = YES;
				IPHONEOS_DEPLOYMENT_TARGET = 14.5;
				MTL_ENABLE_DEBUG_INFO = INCLUDE_SOURCE;
				MTL_FAST_MATH = YES;
				ONLY_ACTIVE_ARCH = YES;
				SDKROOT = iphoneos;
				SWIFT_ACTIVE_COMPILATION_CONDITIONS = DEBUG;
				SWIFT_OPTIMIZATION_LEVEL = "-Onone";
			};
			name = Debug;
		};
		F4BFE10C26CE85F4002B6DFA /* Release */ = {
			isa = XCBuildConfiguration;
			buildSettings = {
				ALWAYS_SEARCH_USER_PATHS = NO;
				CLANG_ANALYZER_NONNULL = YES;
				CLANG_ANALYZER_NUMBER_OBJECT_CONVERSION = YES_AGGRESSIVE;
				CLANG_CXX_LANGUAGE_STANDARD = "gnu++14";
				CLANG_CXX_LIBRARY = "libc++";
				CLANG_ENABLE_MODULES = YES;
				CLANG_ENABLE_OBJC_ARC = YES;
				CLANG_ENABLE_OBJC_WEAK = YES;
				CLANG_WARN_BLOCK_CAPTURE_AUTORELEASING = YES;
				CLANG_WARN_BOOL_CONVERSION = YES;
				CLANG_WARN_COMMA = YES;
				CLANG_WARN_CONSTANT_CONVERSION = YES;
				CLANG_WARN_DEPRECATED_OBJC_IMPLEMENTATIONS = YES;
				CLANG_WARN_DIRECT_OBJC_ISA_USAGE = YES_ERROR;
				CLANG_WARN_DOCUMENTATION_COMMENTS = YES;
				CLANG_WARN_EMPTY_BODY = YES;
				CLANG_WARN_ENUM_CONVERSION = YES;
				CLANG_WARN_INFINITE_RECURSION = YES;
				CLANG_WARN_INT_CONVERSION = YES;
				CLANG_WARN_NON_LITERAL_NULL_CONVERSION = YES;
				CLANG_WARN_OBJC_IMPLICIT_RETAIN_SELF = YES;
				CLANG_WARN_OBJC_LITERAL_CONVERSION = YES;
				CLANG_WARN_OBJC_ROOT_CLASS = YES_ERROR;
				CLANG_WARN_QUOTED_INCLUDE_IN_FRAMEWORK_HEADER = YES;
				CLANG_WARN_RANGE_LOOP_ANALYSIS = YES;
				CLANG_WARN_STRICT_PROTOTYPES = YES;
				CLANG_WARN_SUSPICIOUS_MOVE = YES;
				CLANG_WARN_UNGUARDED_AVAILABILITY = YES_AGGRESSIVE;
				CLANG_WARN_UNREACHABLE_CODE = YES;
				CLANG_WARN__DUPLICATE_METHOD_MATCH = YES;
				COPY_PHASE_STRIP = NO;
				DEBUG_INFORMATION_FORMAT = "dwarf-with-dsym";
				ENABLE_NS_ASSERTIONS = NO;
				ENABLE_STRICT_OBJC_MSGSEND = YES;
				GCC_C_LANGUAGE_STANDARD = gnu11;
				GCC_NO_COMMON_BLOCKS = YES;
				GCC_WARN_64_TO_32_BIT_CONVERSION = YES;
				GCC_WARN_ABOUT_RETURN_TYPE = YES_ERROR;
				GCC_WARN_UNDECLARED_SELECTOR = YES;
				GCC_WARN_UNINITIALIZED_AUTOS = YES_AGGRESSIVE;
				GCC_WARN_UNUSED_FUNCTION = YES;
				GCC_WARN_UNUSED_VARIABLE = YES;
				IPHONEOS_DEPLOYMENT_TARGET = 14.5;
				MTL_ENABLE_DEBUG_INFO = NO;
				MTL_FAST_MATH = YES;
				SDKROOT = iphoneos;
				SWIFT_COMPILATION_MODE = wholemodule;
				SWIFT_OPTIMIZATION_LEVEL = "-O";
				VALIDATE_PRODUCT = YES;
			};
			name = Release;
		};
		F4BFE10E26CE85F4002B6DFA /* Debug */ = {
			isa = XCBuildConfiguration;
			buildSettings = {
				ALWAYS_EMBED_SWIFT_STANDARD_LIBRARIES = YES;
				ASSETCATALOG_COMPILER_APPICON_NAME = AppIcon;
				ASSETCATALOG_COMPILER_GLOBAL_ACCENT_COLOR_NAME = AccentColor;
				CODE_SIGN_STYLE = Automatic;
				DEVELOPMENT_TEAM = BUZXKJMFX3;
				ENABLE_TESTING_SEARCH_PATHS = NO;
				INFOPLIST_FILE = TrueTest/Info.plist;
				IPHONEOS_DEPLOYMENT_TARGET = 15.0;
				LD_RUNPATH_SEARCH_PATHS = (
					"$(inherited)",
					"@executable_path/Frameworks",
				);
				PRODUCT_BUNDLE_IDENTIFIER = com.assignment.TrueTest;
				PRODUCT_NAME = "$(TARGET_NAME)";
				SWIFT_VERSION = 5.0;
				TARGETED_DEVICE_FAMILY = "1,2";
			};
			name = Debug;
		};
		F4BFE10F26CE85F4002B6DFA /* Release */ = {
			isa = XCBuildConfiguration;
			buildSettings = {
				ALWAYS_EMBED_SWIFT_STANDARD_LIBRARIES = YES;
				ASSETCATALOG_COMPILER_APPICON_NAME = AppIcon;
				ASSETCATALOG_COMPILER_GLOBAL_ACCENT_COLOR_NAME = AccentColor;
				CODE_SIGN_STYLE = Automatic;
				DEVELOPMENT_TEAM = BUZXKJMFX3;
				ENABLE_TESTING_SEARCH_PATHS = NO;
				INFOPLIST_FILE = TrueTest/Info.plist;
				IPHONEOS_DEPLOYMENT_TARGET = 15.0;
				LD_RUNPATH_SEARCH_PATHS = (
					"$(inherited)",
					"@executable_path/Frameworks",
				);
				PRODUCT_BUNDLE_IDENTIFIER = com.assignment.TrueTest;
				PRODUCT_NAME = "$(TARGET_NAME)";
				SWIFT_VERSION = 5.0;
				TARGETED_DEVICE_FAMILY = "1,2";
			};
			name = Release;
		};
/* End XCBuildConfiguration section */

/* Begin XCConfigurationList section */
		296EABCD274BE73200E25B6D /* Build configuration list for PBXNativeTarget "AppTest" */ = {
			isa = XCConfigurationList;
			buildConfigurations = (
				296EABCE274BE73200E25B6D /* Debug */,
				296EABDE274D1DD200E25B6D /* Mock */,
				296EABCF274BE73200E25B6D /* Release */,
			);
			defaultConfigurationIsVisible = 0;
			defaultConfigurationName = Release;
		};
		F4BFE0F426CE85F1002B6DFA /* Build configuration list for PBXProject "TrueTest" */ = {
			isa = XCConfigurationList;
			buildConfigurations = (
				F4BFE10B26CE85F4002B6DFA /* Debug */,
				296EABD5274D1DD200E25B6D /* Mock */,
				F4BFE10C26CE85F4002B6DFA /* Release */,
			);
			defaultConfigurationIsVisible = 0;
			defaultConfigurationName = Release;
		};
		F4BFE10D26CE85F4002B6DFA /* Build configuration list for PBXNativeTarget "TrueTest" */ = {
			isa = XCConfigurationList;
			buildConfigurations = (
				F4BFE10E26CE85F4002B6DFA /* Debug */,
				296EABD6274D1DD200E25B6D /* Mock */,
				F4BFE10F26CE85F4002B6DFA /* Release */,
			);
			defaultConfigurationIsVisible = 0;
			defaultConfigurationName = Release;
		};
/* End XCConfigurationList section */

/* Begin XCRemoteSwiftPackageReference section */
		296EABBC274BCD6300E25B6D /* XCRemoteSwiftPackageReference "Resolver" */ = {
			isa = XCRemoteSwiftPackageReference;
			repositoryURL = "https://github.com/hmlongco/Resolver";
			requirement = {
				kind = upToNextMajorVersion;
				minimumVersion = 1.4.1;
			};
		};
/* End XCRemoteSwiftPackageReference section */

/* Begin XCSwiftPackageProductDependency section */
		296EABBD274BCD6300E25B6D /* Resolver */ = {
			isa = XCSwiftPackageProductDependency;
			package = 296EABBC274BCD6300E25B6D /* XCRemoteSwiftPackageReference "Resolver" */;
			productName = Resolver;
		};
		296EABD0274BE90300E25B6D /* Resolver */ = {
			isa = XCSwiftPackageProductDependency;
			package = 296EABBC274BCD6300E25B6D /* XCRemoteSwiftPackageReference "Resolver" */;
			productName = Resolver;
		};
		29BEDBA2275F8610005335D7 /* NetworkLayer */ = {
			isa = XCSwiftPackageProductDependency;
			productName = NetworkLayer;
		};
		29BEDBA4275F91D1005335D7 /* Core */ = {
			isa = XCSwiftPackageProductDependency;
			productName = Core;
		};
		29BEDBAA275FA7DF005335D7 /* Repository */ = {
			isa = XCSwiftPackageProductDependency;
			productName = Repository;
		};
/* End XCSwiftPackageProductDependency section */
	};
	rootObject = F4BFE0F126CE85F1002B6DFA /* Project object */;
}
